// !$*UTF8*$!
{
	archiveVersion = 1;
	classes = {
	};
	objectVersion = 56;
	objects = {

/* Begin PBXBuildFile section */
		2F4334082B3E031A003AEA06 /* AppDelegate.swift in Sources */ = {isa = PBXBuildFile; fileRef = 2F4334072B3E031A003AEA06 /* AppDelegate.swift */; };
		2F43340A2B3E031A003AEA06 /* DocumentBrowserViewController.swift in Sources */ = {isa = PBXBuildFile; fileRef = 2F4334092B3E031A003AEA06 /* DocumentBrowserViewController.swift */; };
		2F43340C2B3E031A003AEA06 /* DocumentViewController.swift in Sources */ = {isa = PBXBuildFile; fileRef = 2F43340B2B3E031A003AEA06 /* DocumentViewController.swift */; };
		2F43340E2B3E031A003AEA06 /* Document.swift in Sources */ = {isa = PBXBuildFile; fileRef = 2F43340D2B3E031A003AEA06 /* Document.swift */; };
		2F4334112B3E031A003AEA06 /* Main.storyboard in Resources */ = {isa = PBXBuildFile; fileRef = 2F43340F2B3E031A003AEA06 /* Main.storyboard */; };
		2F4334132B3E031D003AEA06 /* Assets.xcassets in Resources */ = {isa = PBXBuildFile; fileRef = 2F4334122B3E031D003AEA06 /* Assets.xcassets */; };
		2F4334162B3E031D003AEA06 /* LaunchScreen.storyboard in Resources */ = {isa = PBXBuildFile; fileRef = 2F4334142B3E031D003AEA06 /* LaunchScreen.storyboard */; };
		2F4334212B3E031D003AEA06 /* demoTests.swift in Sources */ = {isa = PBXBuildFile; fileRef = 2F4334202B3E031D003AEA06 /* demoTests.swift */; };
		2F43342B2B3E031D003AEA06 /* demoUITests.swift in Sources */ = {isa = PBXBuildFile; fileRef = 2F43342A2B3E031D003AEA06 /* demoUITests.swift */; };
		2F43342D2B3E031D003AEA06 /* demoUITestsLaunchTests.swift in Sources */ = {isa = PBXBuildFile; fileRef = 2F43342C2B3E031D003AEA06 /* demoUITestsLaunchTests.swift */; };
/* End PBXBuildFile section */

/* Begin PBXContainerItemProxy section */
		2F43341D2B3E031D003AEA06 /* PBXContainerItemProxy */ = {
			isa = PBXContainerItemProxy;
			containerPortal = 2F4333FC2B3E031A003AEA06 /* Project object */;
			proxyType = 1;
			remoteGlobalIDString = 2F4334032B3E031A003AEA06;
			remoteInfo = demo;
		};
		2F4334272B3E031D003AEA06 /* PBXContainerItemProxy */ = {
			isa = PBXContainerItemProxy;
			containerPortal = 2F4333FC2B3E031A003AEA06 /* Project object */;
			proxyType = 1;
			remoteGlobalIDString = 2F4334032B3E031A003AEA06;
			remoteInfo = demo;
		};
/* End PBXContainerItemProxy section */

/* Begin PBXFileReference section */
		2F4334042B3E031A003AEA06 /* demo.app */ = {isa = PBXFileReference; explicitFileType = wrapper.application; includeInIndex = 0; path = demo.app; sourceTree = BUILT_PRODUCTS_DIR; };
		2F4334072B3E031A003AEA06 /* AppDelegate.swift */ = {isa = PBXFileReference; lastKnownFileType = sourcecode.swift; path = AppDelegate.swift; sourceTree = "<group>"; };
		2F4334092B3E031A003AEA06 /* DocumentBrowserViewController.swift */ = {isa = PBXFileReference; lastKnownFileType = sourcecode.swift; path = DocumentBrowserViewController.swift; sourceTree = "<group>"; };
		2F43340B2B3E031A003AEA06 /* DocumentViewController.swift */ = {isa = PBXFileReference; lastKnownFileType = sourcecode.swift; path = DocumentViewController.swift; sourceTree = "<group>"; };
		2F43340D2B3E031A003AEA06 /* Document.swift */ = {isa = PBXFileReference; lastKnownFileType = sourcecode.swift; path = Document.swift; sourceTree = "<group>"; };
		2F4334102B3E031A003AEA06 /* Base */ = {isa = PBXFileReference; lastKnownFileType = file.storyboard; name = Base; path = Base.lproj/Main.storyboard; sourceTree = "<group>"; };
		2F4334122B3E031D003AEA06 /* Assets.xcassets */ = {isa = PBXFileReference; lastKnownFileType = folder.assetcatalog; path = Assets.xcassets; sourceTree = "<group>"; };
		2F4334152B3E031D003AEA06 /* Base */ = {isa = PBXFileReference; lastKnownFileType = file.storyboard; name = Base; path = Base.lproj/LaunchScreen.storyboard; sourceTree = "<group>"; };
		2F4334172B3E031D003AEA06 /* Info.plist */ = {isa = PBXFileReference; lastKnownFileType = text.plist.xml; path = Info.plist; sourceTree = "<group>"; };
		2F43341C2B3E031D003AEA06 /* demoTests.xctest */ = {isa = PBXFileReference; explicitFileType = wrapper.cfbundle; includeInIndex = 0; path = demoTests.xctest; sourceTree = BUILT_PRODUCTS_DIR; };
		2F4334202B3E031D003AEA06 /* demoTests.swift */ = {isa = PBXFileReference; lastKnownFileType = sourcecode.swift; path = demoTests.swift; sourceTree = "<group>"; };
		2F4334262B3E031D003AEA06 /* demoUITests.xctest */ = {isa = PBXFileReference; explicitFileType = wrapper.cfbundle; includeInIndex = 0; path = demoUITests.xctest; sourceTree = BUILT_PRODUCTS_DIR; };
		2F43342A2B3E031D003AEA06 /* demoUITests.swift */ = {isa = PBXFileReference; lastKnownFileType = sourcecode.swift; path = demoUITests.swift; sourceTree = "<group>"; };
		2F43342C2B3E031D003AEA06 /* demoUITestsLaunchTests.swift */ = {isa = PBXFileReference; lastKnownFileType = sourcecode.swift; path = demoUITestsLaunchTests.swift; sourceTree = "<group>"; };
/* End PBXFileReference section */

/* Begin PBXFrameworksBuildPhase section */
		2F4334012B3E031A003AEA06 /* Frameworks */ = {
			isa = PBXFrameworksBuildPhase;
			buildActionMask = 2147483647;
			files = (
			);
			runOnlyForDeploymentPostprocessing = 0;
		};
		2F4334192B3E031D003AEA06 /* Frameworks */ = {
			isa = PBXFrameworksBuildPhase;
			buildActionMask = 2147483647;
			files = (
			);
			runOnlyForDeploymentPostprocessing = 0;
		};
		2F4334232B3E031D003AEA06 /* Frameworks */ = {
			isa = PBXFrameworksBuildPhase;
			buildActionMask = 2147483647;
			files = (
			);
			runOnlyForDeploymentPostprocessing = 0;
		};
/* End PBXFrameworksBuildPhase section */

/* Begin PBXGroup section */
		2F4333FB2B3E031A003AEA06 = {
			isa = PBXGroup;
			children = (
				2F4334062B3E031A003AEA06 /* demo */,
				2F43341F2B3E031D003AEA06 /* demoTests */,
				2F4334292B3E031D003AEA06 /* demoUITests */,
				2F4334052B3E031A003AEA06 /* Products */,
			);
			sourceTree = "<group>";
		};
		2F4334052B3E031A003AEA06 /* Products */ = {
			isa = PBXGroup;
			children = (
				2F4334042B3E031A003AEA06 /* demo.app */,
				2F43341C2B3E031D003AEA06 /* demoTests.xctest */,
				2F4334262B3E031D003AEA06 /* demoUITests.xctest */,
			);
			name = Products;
			sourceTree = "<group>";
		};
		2F4334062B3E031A003AEA06 /* demo */ = {
			isa = PBXGroup;
			children = (
				2F4334072B3E031A003AEA06 /* AppDelegate.swift */,
				2F4334092B3E031A003AEA06 /* DocumentBrowserViewController.swift */,
				2F43340B2B3E031A003AEA06 /* DocumentViewController.swift */,
				2F43340D2B3E031A003AEA06 /* Document.swift */,
				2F43340F2B3E031A003AEA06 /* Main.storyboard */,
				2F4334122B3E031D003AEA06 /* Assets.xcassets */,
				2F4334142B3E031D003AEA06 /* LaunchScreen.storyboard */,
				2F4334172B3E031D003AEA06 /* Info.plist */,
			);
			path = demo;
			sourceTree = "<group>";
		};
		2F43341F2B3E031D003AEA06 /* demoTests */ = {
			isa = PBXGroup;
			children = (
				2F4334202B3E031D003AEA06 /* demoTests.swift */,
			);
			path = demoTests;
			sourceTree = "<group>";
		};
		2F4334292B3E031D003AEA06 /* demoUITests */ = {
			isa = PBXGroup;
			children = (
				2F43342A2B3E031D003AEA06 /* demoUITests.swift */,
				2F43342C2B3E031D003AEA06 /* demoUITestsLaunchTests.swift */,
			);
			path = demoUITests;
			sourceTree = "<group>";
		};
/* End PBXGroup section */

/* Begin PBXNativeTarget section */
		2F4334032B3E031A003AEA06 /* demo */ = {
			isa = PBXNativeTarget;
			buildConfigurationList = 2F4334302B3E031D003AEA06 /* Build configuration list for PBXNativeTarget "demo" */;
			buildPhases = (
				2F4334002B3E031A003AEA06 /* Sources */,
				2F4334012B3E031A003AEA06 /* Frameworks */,
				2F4334022B3E031A003AEA06 /* Resources */,
			);
			buildRules = (
			);
			dependencies = (
			);
			name = demo;
			productName = demo;
			productReference = 2F4334042B3E031A003AEA06 /* demo.app */;
			productType = "com.apple.product-type.application";
		};
		2F43341B2B3E031D003AEA06 /* demoTests */ = {
			isa = PBXNativeTarget;
			buildConfigurationList = 2F4334332B3E031D003AEA06 /* Build configuration list for PBXNativeTarget "demoTests" */;
			buildPhases = (
				2F4334182B3E031D003AEA06 /* Sources */,
				2F4334192B3E031D003AEA06 /* Frameworks */,
				2F43341A2B3E031D003AEA06 /* Resources */,
			);
			buildRules = (
			);
			dependencies = (
				2F43341E2B3E031D003AEA06 /* PBXTargetDependency */,
			);
			name = demoTests;
			productName = demoTests;
			productReference = 2F43341C2B3E031D003AEA06 /* demoTests.xctest */;
			productType = "com.apple.product-type.bundle.unit-test";
		};
		2F4334252B3E031D003AEA06 /* demoUITests */ = {
			isa = PBXNativeTarget;
			buildConfigurationList = 2F4334362B3E031D003AEA06 /* Build configuration list for PBXNativeTarget "demoUITests" */;
			buildPhases = (
				2F4334222B3E031D003AEA06 /* Sources */,
				2F4334232B3E031D003AEA06 /* Frameworks */,
				2F4334242B3E031D003AEA06 /* Resources */,
			);
			buildRules = (
			);
			dependencies = (
				2F4334282B3E031D003AEA06 /* PBXTargetDependency */,
			);
			name = demoUITests;
			productName = demoUITests;
			productReference = 2F4334262B3E031D003AEA06 /* demoUITests.xctest */;
			productType = "com.apple.product-type.bundle.ui-testing";
		};
/* End PBXNativeTarget section */

/* Begin PBXProject section */
		2F4333FC2B3E031A003AEA06 /* Project object */ = {
			isa = PBXProject;
			attributes = {
				BuildIndependentTargetsInParallel = 1;
				LastSwiftUpdateCheck = 1510;
				LastUpgradeCheck = 1510;
				TargetAttributes = {
					2F4334032B3E031A003AEA06 = {
						CreatedOnToolsVersion = 15.1;
					};
					2F43341B2B3E031D003AEA06 = {
						CreatedOnToolsVersion = 15.1;
						TestTargetID = 2F4334032B3E031A003AEA06;
					};
					2F4334252B3E031D003AEA06 = {
						CreatedOnToolsVersion = 15.1;
						TestTargetID = 2F4334032B3E031A003AEA06;
					};
				};
			};
			buildConfigurationList = 2F4333FF2B3E031A003AEA06 /* Build configuration list for PBXProject "demo" */;
			compatibilityVersion = "Xcode 14.0";
			developmentRegion = en;
			hasScannedForEncodings = 0;
			knownRegions = (
				en,
				Base,
			);
			mainGroup = 2F4333FB2B3E031A003AEA06;
			productRefGroup = 2F4334052B3E031A003AEA06 /* Products */;
			projectDirPath = "";
			projectRoot = "";
			targets = (
				2F4334032B3E031A003AEA06 /* demo */,
				2F43341B2B3E031D003AEA06 /* demoTests */,
				2F4334252B3E031D003AEA06 /* demoUITests */,
			);
		};
/* End PBXProject section */

/* Begin PBXResourcesBuildPhase section */
		2F4334022B3E031A003AEA06 /* Resources */ = {
			isa = PBXResourcesBuildPhase;
			buildActionMask = 2147483647;
			files = (
				2F4334162B3E031D003AEA06 /* LaunchScreen.storyboard in Resources */,
				2F4334132B3E031D003AEA06 /* Assets.xcassets in Resources */,
				2F4334112B3E031A003AEA06 /* Main.storyboard in Resources */,
			);
			runOnlyForDeploymentPostprocessing = 0;
		};
		2F43341A2B3E031D003AEA06 /* Resources */ = {
			isa = PBXResourcesBuildPhase;
			buildActionMask = 2147483647;
			files = (
			);
			runOnlyForDeploymentPostprocessing = 0;
		};
		2F4334242B3E031D003AEA06 /* Resources */ = {
			isa = PBXResourcesBuildPhase;
			buildActionMask = 2147483647;
			files = (
			);
			runOnlyForDeploymentPostprocessing = 0;
		};
/* End PBXResourcesBuildPhase section */

/* Begin PBXSourcesBuildPhase section */
		2F4334002B3E031A003AEA06 /* Sources */ = {
			isa = PBXSourcesBuildPhase;
			buildActionMask = 2147483647;
			files = (
				2F43340E2B3E031A003AEA06 /* Document.swift in Sources */,
				2F43340C2B3E031A003AEA06 /* DocumentViewController.swift in Sources */,
				2F43340A2B3E031A003AEA06 /* DocumentBrowserViewController.swift in Sources */,
				2F4334082B3E031A003AEA06 /* AppDelegate.swift in Sources */,
			);
			runOnlyForDeploymentPostprocessing = 0;
		};
		2F4334182B3E031D003AEA06 /* Sources */ = {
			isa = PBXSourcesBuildPhase;
			buildActionMask = 2147483647;
			files = (
				2F4334212B3E031D003AEA06 /* demoTests.swift in Sources */,
			);
			runOnlyForDeploymentPostprocessing = 0;
		};
		2F4334222B3E031D003AEA06 /* Sources */ = {
			isa = PBXSourcesBuildPhase;
			buildActionMask = 2147483647;
			files = (
				2F43342B2B3E031D003AEA06 /* demoUITests.swift in Sources */,
				2F43342D2B3E031D003AEA06 /* demoUITestsLaunchTests.swift in Sources */,
			);
			runOnlyForDeploymentPostprocessing = 0;
		};
/* End PBXSourcesBuildPhase section */

/* Begin PBXTargetDependency section */
		2F43341E2B3E031D003AEA06 /* PBXTargetDependency */ = {
			isa = PBXTargetDependency;
			target = 2F4334032B3E031A003AEA06 /* demo */;
			targetProxy = 2F43341D2B3E031D003AEA06 /* PBXContainerItemProxy */;
		};
		2F4334282B3E031D003AEA06 /* PBXTargetDependency */ = {
			isa = PBXTargetDependency;
			target = 2F4334032B3E031A003AEA06 /* demo */;
			targetProxy = 2F4334272B3E031D003AEA06 /* PBXContainerItemProxy */;
		};
/* End PBXTargetDependency section */

/* Begin PBXVariantGroup section */
		2F43340F2B3E031A003AEA06 /* Main.storyboard */ = {
			isa = PBXVariantGroup;
			children = (
				2F4334102B3E031A003AEA06 /* Base */,
			);
			name = Main.storyboard;
			sourceTree = "<group>";
		};
		2F4334142B3E031D003AEA06 /* LaunchScreen.storyboard */ = {
			isa = PBXVariantGroup;
			children = (
				2F4334152B3E031D003AEA06 /* Base */,
			);
			name = LaunchScreen.storyboard;
			sourceTree = "<group>";
		};
/* End PBXVariantGroup section */

/* Begin XCBuildConfiguration section */
		2F43342E2B3E031D003AEA06 /* Debug */ = {
			isa = XCBuildConfiguration;
			buildSettings = {
				ALWAYS_SEARCH_USER_PATHS = NO;
				ASSETCATALOG_COMPILER_GENERATE_SWIFT_ASSET_SYMBOL_EXTENSIONS = YES;
				CLANG_ANALYZER_NONNULL = YES;
				CLANG_ANALYZER_NUMBER_OBJECT_CONVERSION = YES_AGGRESSIVE;
				CLANG_CXX_LANGUAGE_STANDARD = "gnu++20";
				CLANG_ENABLE_MODULES = YES;
				CLANG_ENABLE_OBJC_ARC = YES;
				CLANG_ENABLE_OBJC_WEAK = YES;
				CLANG_WARN_BLOCK_CAPTURE_AUTORELEASING = YES;
				CLANG_WARN_BOOL_CONVERSION = YES;
				CLANG_WARN_COMMA = YES;
				CLANG_WARN_CONSTANT_CONVERSION = YES;
				CLANG_WARN_DEPRECATED_OBJC_IMPLEMENTATIONS = YES;
				CLANG_WARN_DIRECT_OBJC_ISA_USAGE = YES_ERROR;
				CLANG_WARN_DOCUMENTATION_COMMENTS = YES;
				CLANG_WARN_EMPTY_BODY = YES;
				CLANG_WARN_ENUM_CONVERSION = YES;
				CLANG_WARN_INFINITE_RECURSION = YES;
				CLANG_WARN_INT_CONVERSION = YES;
				CLANG_WARN_NON_LITERAL_NULL_CONVERSION = YES;
				CLANG_WARN_OBJC_IMPLICIT_RETAIN_SELF = YES;
				CLANG_WARN_OBJC_LITERAL_CONVERSION = YES;
				CLANG_WARN_OBJC_ROOT_CLASS = YES_ERROR;
				CLANG_WARN_QUOTED_INCLUDE_IN_FRAMEWORK_HEADER = YES;
				CLANG_WARN_RANGE_LOOP_ANALYSIS = YES;
				CLANG_WARN_STRICT_PROTOTYPES = YES;
				CLANG_WARN_SUSPICIOUS_MOVE = YES;
				CLANG_WARN_UNGUARDED_AVAILABILITY = YES_AGGRESSIVE;
				CLANG_WARN_UNREACHABLE_CODE = YES;
				CLANG_WARN__DUPLICATE_METHOD_MATCH = YES;
				COPY_PHASE_STRIP = NO;
				DEBUG_INFORMATION_FORMAT = dwarf;
				ENABLE_STRICT_OBJC_MSGSEND = YES;
				ENABLE_TESTABILITY = YES;
				ENABLE_USER_SCRIPT_SANDBOXING = YES;
				GCC_C_LANGUAGE_STANDARD = gnu17;
				GCC_DYNAMIC_NO_PIC = NO;
				GCC_NO_COMMON_BLOCKS = YES;
				GCC_OPTIMIZATION_LEVEL = 0;
				GCC_PREPROCESSOR_DEFINITIONS = (
					"DEBUG=1",
					"$(inherited)",
				);
				GCC_WARN_64_TO_32_BIT_CONVERSION = YES;
				GCC_WARN_ABOUT_RETURN_TYPE = YES_ERROR;
				GCC_WARN_UNDECLARED_SELECTOR = YES;
				GCC_WARN_UNINITIALIZED_AUTOS = YES_AGGRESSIVE;
				GCC_WARN_UNUSED_FUNCTION = YES;
				GCC_WARN_UNUSED_VARIABLE = YES;
				IPHONEOS_DEPLOYMENT_TARGET = 17.2;
				LOCALIZATION_PREFERS_STRING_CATALOGS = YES;
				MTL_ENABLE_DEBUG_INFO = INCLUDE_SOURCE;
				MTL_FAST_MATH = YES;
				ONLY_ACTIVE_ARCH = YES;
				SDKROOT = iphoneos;
				SWIFT_ACTIVE_COMPILATION_CONDITIONS = "DEBUG $(inherited)";
				SWIFT_OPTIMIZATION_LEVEL = "-Onone";
			};
			name = Debug;
		};
		2F43342F2B3E031D003AEA06 /* Release */ = {
			isa = XCBuildConfiguration;
			buildSettings = {
				ALWAYS_SEARCH_USER_PATHS = NO;
				ASSETCATALOG_COMPILER_GENERATE_SWIFT_ASSET_SYMBOL_EXTENSIONS = YES;
				CLANG_ANALYZER_NONNULL = YES;
				CLANG_ANALYZER_NUMBER_OBJECT_CONVERSION = YES_AGGRESSIVE;
				CLANG_CXX_LANGUAGE_STANDARD = "gnu++20";
				CLANG_ENABLE_MODULES = YES;
				CLANG_ENABLE_OBJC_ARC = YES;
				CLANG_ENABLE_OBJC_WEAK = YES;
				CLANG_WARN_BLOCK_CAPTURE_AUTORELEASING = YES;
				CLANG_WARN_BOOL_CONVERSION = YES;
				CLANG_WARN_COMMA = YES;
				CLANG_WARN_CONSTANT_CONVERSION = YES;
				CLANG_WARN_DEPRECATED_OBJC_IMPLEMENTATIONS = YES;
				CLANG_WARN_DIRECT_OBJC_ISA_USAGE = YES_ERROR;
				CLANG_WARN_DOCUMENTATION_COMMENTS = YES;
				CLANG_WARN_EMPTY_BODY = YES;
				CLANG_WARN_ENUM_CONVERSION = YES;
				CLANG_WARN_INFINITE_RECURSION = YES;
				CLANG_WARN_INT_CONVERSION = YES;
				CLANG_WARN_NON_LITERAL_NULL_CONVERSION = YES;
				CLANG_WARN_OBJC_IMPLICIT_RETAIN_SELF = YES;
				CLANG_WARN_OBJC_LITERAL_CONVERSION = YES;
				CLANG_WARN_OBJC_ROOT_CLASS = YES_ERROR;
				CLANG_WARN_QUOTED_INCLUDE_IN_FRAMEWORK_HEADER = YES;
				CLANG_WARN_RANGE_LOOP_ANALYSIS = YES;
				CLANG_WARN_STRICT_PROTOTYPES = YES;
				CLANG_WARN_SUSPICIOUS_MOVE = YES;
				CLANG_WARN_UNGUARDED_AVAILABILITY = YES_AGGRESSIVE;
				CLANG_WARN_UNREACHABLE_CODE = YES;
				CLANG_WARN__DUPLICATE_METHOD_MATCH = YES;
				COPY_PHASE_STRIP = NO;
				DEBUG_INFORMATION_FORMAT = "dwarf-with-dsym";
				ENABLE_NS_ASSERTIONS = NO;
				ENABLE_STRICT_OBJC_MSGSEND = YES;
				ENABLE_USER_SCRIPT_SANDBOXING = YES;
				GCC_C_LANGUAGE_STANDARD = gnu17;
				GCC_NO_COMMON_BLOCKS = YES;
				GCC_WARN_64_TO_32_BIT_CONVERSION = YES;
				GCC_WARN_ABOUT_RETURN_TYPE = YES_ERROR;
				GCC_WARN_UNDECLARED_SELECTOR = YES;
				GCC_WARN_UNINITIALIZED_AUTOS = YES_AGGRESSIVE;
				GCC_WARN_UNUSED_FUNCTION = YES;
				GCC_WARN_UNUSED_VARIABLE = YES;
				IPHONEOS_DEPLOYMENT_TARGET = 17.2;
				LOCALIZATION_PREFERS_STRING_CATALOGS = YES;
				MTL_ENABLE_DEBUG_INFO = NO;
				MTL_FAST_MATH = YES;
				SDKROOT = iphoneos;
				SWIFT_COMPILATION_MODE = wholemodule;
				VALIDATE_PRODUCT = YES;
			};
			name = Release;
		};
		2F4334312B3E031D003AEA06 /* Debug */ = {
			isa = XCBuildConfiguration;
			buildSettings = {
				ASSETCATALOG_COMPILER_APPICON_NAME = AppIcon;
				ASSETCATALOG_COMPILER_GLOBAL_ACCENT_COLOR_NAME = AccentColor;
				CODE_SIGN_STYLE = Automatic;
				CURRENT_PROJECT_VERSION = 1;
				DEVELOPMENT_TEAM = L89K6HXFYJ;
				GENERATE_INFOPLIST_FILE = YES;
				INFOPLIST_FILE = demo/Info.plist;
				INFOPLIST_KEY_UIApplicationSupportsIndirectInputEvents = YES;
				INFOPLIST_KEY_UILaunchStoryboardName = LaunchScreen;
				INFOPLIST_KEY_UIMainStoryboardFile = Main;
				INFOPLIST_KEY_UISupportedInterfaceOrientations_iPad = "UIInterfaceOrientationPortrait UIInterfaceOrientationPortraitUpsideDown UIInterfaceOrientationLandscapeLeft UIInterfaceOrientationLandscapeRight";
				INFOPLIST_KEY_UISupportedInterfaceOrientations_iPhone = "UIInterfaceOrientationPortrait UIInterfaceOrientationLandscapeLeft UIInterfaceOrientationLandscapeRight";
				INFOPLIST_KEY_UISupportsDocumentBrowser = YES;
				LD_RUNPATH_SEARCH_PATHS = (
					"$(inherited)",
					"@executable_path/Frameworks",
				);
				MARKETING_VERSION = 1.0;
				PRODUCT_BUNDLE_IDENTIFIER = cloudenginelabs.demo;
				PRODUCT_NAME = "$(TARGET_NAME)";
				SWIFT_EMIT_LOC_STRINGS = YES;
				SWIFT_VERSION = 5.0;
				TARGETED_DEVICE_FAMILY = "1,2";
			};
			name = Debug;
		};
		2F4334322B3E031D003AEA06 /* Release */ = {
			isa = XCBuildConfiguration;
			buildSettings = {
				ASSETCATALOG_COMPILER_APPICON_NAME = AppIcon;
				ASSETCATALOG_COMPILER_GLOBAL_ACCENT_COLOR_NAME = AccentColor;
				CODE_SIGN_STYLE = Automatic;
				CURRENT_PROJECT_VERSION = 1;
				DEVELOPMENT_TEAM = L89K6HXFYJ;
				GENERATE_INFOPLIST_FILE = YES;
				INFOPLIST_FILE = demo/Info.plist;
				INFOPLIST_KEY_UIApplicationSupportsIndirectInputEvents = YES;
				INFOPLIST_KEY_UILaunchStoryboardName = LaunchScreen;
				INFOPLIST_KEY_UIMainStoryboardFile = Main;
				INFOPLIST_KEY_UISupportedInterfaceOrientations_iPad = "UIInterfaceOrientationPortrait UIInterfaceOrientationPortraitUpsideDown UIInterfaceOrientationLandscapeLeft UIInterfaceOrientationLandscapeRight";
				INFOPLIST_KEY_UISupportedInterfaceOrientations_iPhone = "UIInterfaceOrientationPortrait UIInterfaceOrientationLandscapeLeft UIInterfaceOrientationLandscapeRight";
				INFOPLIST_KEY_UISupportsDocumentBrowser = YES;
				LD_RUNPATH_SEARCH_PATHS = (
					"$(inherited)",
					"@executable_path/Frameworks",
				);
				MARKETING_VERSION = 1.0;
				PRODUCT_BUNDLE_IDENTIFIER = cloudenginelabs.demo;
				PRODUCT_NAME = "$(TARGET_NAME)";
				SWIFT_EMIT_LOC_STRINGS = YES;
				SWIFT_VERSION = 5.0;
				TARGETED_DEVICE_FAMILY = "1,2";
			};
			name = Release;
		};
		2F4334342B3E031D003AEA06 /* Debug */ = {
			isa = XCBuildConfiguration;
			buildSettings = {
				ALWAYS_EMBED_SWIFT_STANDARD_LIBRARIES = YES;
				BUNDLE_LOADER = "$(TEST_HOST)";
				CODE_SIGN_STYLE = Automatic;
				CURRENT_PROJECT_VERSION = 1;
				GENERATE_INFOPLIST_FILE = YES;
				IPHONEOS_DEPLOYMENT_TARGET = 17.2;
				MARKETING_VERSION = 1.0;
				PRODUCT_BUNDLE_IDENTIFIER = cloudenginelabs.demoTests;
				PRODUCT_NAME = "$(TARGET_NAME)";
				SWIFT_EMIT_LOC_STRINGS = NO;
				SWIFT_VERSION = 5.0;
				TARGETED_DEVICE_FAMILY = "1,2";
				TEST_HOST = "$(BUILT_PRODUCTS_DIR)/demo.app/$(BUNDLE_EXECUTABLE_FOLDER_PATH)/demo";
			};
			name = Debug;
		};
		2F4334352B3E031D003AEA06 /* Release */ = {
			isa = XCBuildConfiguration;
			buildSettings = {
				ALWAYS_EMBED_SWIFT_STANDARD_LIBRARIES = YES;
				BUNDLE_LOADER = "$(TEST_HOST)";
				CODE_SIGN_STYLE = Automatic;
				CURRENT_PROJECT_VERSION = 1;
				GENERATE_INFOPLIST_FILE = YES;
				IPHONEOS_DEPLOYMENT_TARGET = 17.2;
				MARKETING_VERSION = 1.0;
				PRODUCT_BUNDLE_IDENTIFIER = cloudenginelabs.demoTests;
				PRODUCT_NAME = "$(TARGET_NAME)";
				SWIFT_EMIT_LOC_STRINGS = NO;
				SWIFT_VERSION = 5.0;
				TARGETED_DEVICE_FAMILY = "1,2";
				TEST_HOST = "$(BUILT_PRODUCTS_DIR)/demo.app/$(BUNDLE_EXECUTABLE_FOLDER_PATH)/demo";
			};
			name = Release;
		};
		2F4334372B3E031D003AEA06 /* Debug */ = {
			isa = XCBuildConfiguration;
			buildSettings = {
				ALWAYS_EMBED_SWIFT_STANDARD_LIBRARIES = YES;
				CODE_SIGN_STYLE = Automatic;
				CURRENT_PROJECT_VERSION = 1;
				GENERATE_INFOPLIST_FILE = YES;
				MARKETING_VERSION = 1.0;
				PRODUCT_BUNDLE_IDENTIFIER = cloudenginelabs.demoUITests;
				PRODUCT_NAME = "$(TARGET_NAME)";
				SWIFT_EMIT_LOC_STRINGS = NO;
				SWIFT_VERSION = 5.0;
				TARGETED_DEVICE_FAMILY = "1,2";
				TEST_TARGET_NAME = demo;
			};
			name = Debug;
		};
		2F4334382B3E031D003AEA06 /* Release */ = {
			isa = XCBuildConfiguration;
			buildSettings = {
				ALWAYS_EMBED_SWIFT_STANDARD_LIBRARIES = YES;
				CODE_SIGN_STYLE = Automatic;
				CURRENT_PROJECT_VERSION = 1;
				GENERATE_INFOPLIST_FILE = YES;
				MARKETING_VERSION = 1.0;
				PRODUCT_BUNDLE_IDENTIFIER = cloudenginelabs.demoUITests;
				PRODUCT_NAME = "$(TARGET_NAME)";
				SWIFT_EMIT_LOC_STRINGS = NO;
				SWIFT_VERSION = 5.0;
				TARGETED_DEVICE_FAMILY = "1,2";
				TEST_TARGET_NAME = demo;
			};
			name = Release;
		};
/* End XCBuildConfiguration section */

/* Begin XCConfigurationList section */
		2F4333FF2B3E031A003AEA06 /* Build configuration list for PBXProject "demo" */ = {
			isa = XCConfigurationList;
			buildConfigurations = (
				2F43342E2B3E031D003AEA06 /* Debug */,
				2F43342F2B3E031D003AEA06 /* Release */,
			);
			defaultConfigurationIsVisible = 0;
			defaultConfigurationName = Release;
		};
		2F4334302B3E031D003AEA06 /* Build configuration list for PBXNativeTarget "demo" */ = {
			isa = XCConfigurationList;
			buildConfigurations = (
				2F4334312B3E031D003AEA06 /* Debug */,
				2F4334322B3E031D003AEA06 /* Release */,
			);
			defaultConfigurationIsVisible = 0;
			defaultConfigurationName = Release;
		};
		2F4334332B3E031D003AEA06 /* Build configuration list for PBXNativeTarget "demoTests" */ = {
			isa = XCConfigurationList;
			buildConfigurations = (
				2F4334342B3E031D003AEA06 /* Debug */,
				2F4334352B3E031D003AEA06 /* Release */,
			);
			defaultConfigurationIsVisible = 0;
			defaultConfigurationName = Release;
		};
		2F4334362B3E031D003AEA06 /* Build configuration list for PBXNativeTarget "demoUITests" */ = {
			isa = XCConfigurationList;
			buildConfigurations = (
				2F4334372B3E031D003AEA06 /* Debug */,
				2F4334382B3E031D003AEA06 /* Release */,
			);
			defaultConfigurationIsVisible = 0;
			defaultConfigurationName = Release;
		};
/* End XCConfigurationList section */
	};
	rootObject = 2F4333FC2B3E031A003AEA06 /* Project object */;
}
